
Microsoft Visual Studio Solution File, Format Version 12.00
# Visual Studio 15
VisualStudioVersion = 15.0.27004.2005
MinimumVisualStudioVersion = 10.0.40219.1
Project("{FAE04EC0-301F-11D3-BF4B-00C04F79EFBC}") = "appPokemon.Android", "appPokemon\appPokemon.Android\appPokemon.Android.csproj", "{64B104B2-D610-4259-8DA0-24FC4324D56B}"
EndProject
Project("{FAE04EC0-301F-11D3-BF4B-00C04F79EFBC}") = "appPokemon", "appPokemon\appPokemon\appPokemon.csproj", "{7EC5E56C-27C8-4A05-97E8-9290ABB3D7ED}"
EndProject
Project("{FAE04EC0-301F-11D3-BF4B-00C04F79EFBC}") = "appPokemon.UWP", "appPokemon\appPokemon.UWP\appPokemon.UWP.csproj", "{2D21A929-7C68-4081-B4AA-1A829750F425}"
EndProject
Project("{FAE04EC0-301F-11D3-BF4B-00C04F79EFBC}") = "appPokemon.iOS", "appPokemon\appPokemon.iOS\appPokemon.iOS.csproj", "{40379647-9557-4F53-ADD9-DEBA8F58CA0B}"
EndProject
Global
	GlobalSection(SolutionConfigurationPlatforms) = preSolution
		Ad-Hoc|Any CPU = Ad-Hoc|Any CPU
		Ad-Hoc|ARM = Ad-Hoc|ARM
		Ad-Hoc|iPhone = Ad-Hoc|iPhone
		Ad-Hoc|iPhoneSimulator = Ad-Hoc|iPhoneSimulator
		Ad-Hoc|x64 = Ad-Hoc|x64
		Ad-Hoc|x86 = Ad-Hoc|x86
		AppStore|Any CPU = AppStore|Any CPU
		AppStore|ARM = AppStore|ARM
		AppStore|iPhone = AppStore|iPhone
		AppStore|iPhoneSimulator = AppStore|iPhoneSimulator
		AppStore|x64 = AppStore|x64
		AppStore|x86 = AppStore|x86
		Debug|Any CPU = Debug|Any CPU
		Debug|ARM = Debug|ARM
		Debug|iPhone = Debug|iPhone
		Debug|iPhoneSimulator = Debug|iPhoneSimulator
		Debug|x64 = Debug|x64
		Debug|x86 = Debug|x86
		Release|Any CPU = Release|Any CPU
		Release|ARM = Release|ARM
		Release|iPhone = Release|iPhone
		Release|iPhoneSimulator = Release|iPhoneSimulator
		Release|x64 = Release|x64
		Release|x86 = Release|x86
	EndGlobalSection
	GlobalSection(ProjectConfigurationPlatforms) = postSolution
		{64B104B2-D610-4259-8DA0-24FC4324D56B}.Ad-Hoc|Any CPU.ActiveCfg = Release|Any CPU
		{64B104B2-D610-4259-8DA0-24FC4324D56B}.Ad-Hoc|Any CPU.Build.0 = Release|Any CPU
		{64B104B2-D610-4259-8DA0-24FC4324D56B}.Ad-Hoc|Any CPU.Deploy.0 = Release|Any CPU
		{64B104B2-D610-4259-8DA0-24FC4324D56B}.Ad-Hoc|ARM.ActiveCfg = Release|Any CPU
		{64B104B2-D610-4259-8DA0-24FC4324D56B}.Ad-Hoc|ARM.Build.0 = Release|Any CPU
		{64B104B2-D610-4259-8DA0-24FC4324D56B}.Ad-Hoc|ARM.Deploy.0 = Release|Any CPU
		{64B104B2-D610-4259-8DA0-24FC4324D56B}.Ad-Hoc|iPhone.ActiveCfg = Release|Any CPU
		{64B104B2-D610-4259-8DA0-24FC4324D56B}.Ad-Hoc|iPhone.Build.0 = Release|Any CPU
		{64B104B2-D610-4259-8DA0-24FC4324D56B}.Ad-Hoc|iPhone.Deploy.0 = Release|Any CPU
		{64B104B2-D610-4259-8DA0-24FC4324D56B}.Ad-Hoc|iPhoneSimulator.ActiveCfg = Release|Any CPU
		{64B104B2-D610-4259-8DA0-24FC4324D56B}.Ad-Hoc|iPhoneSimulator.Build.0 = Release|Any CPU
		{64B104B2-D610-4259-8DA0-24FC4324D56B}.Ad-Hoc|iPhoneSimulator.Deploy.0 = Release|Any CPU
		{64B104B2-D610-4259-8DA0-24FC4324D56B}.Ad-Hoc|x64.ActiveCfg = Release|Any CPU
		{64B104B2-D610-4259-8DA0-24FC4324D56B}.Ad-Hoc|x64.Build.0 = Release|Any CPU
		{64B104B2-D610-4259-8DA0-24FC4324D56B}.Ad-Hoc|x64.Deploy.0 = Release|Any CPU
		{64B104B2-D610-4259-8DA0-24FC4324D56B}.Ad-Hoc|x86.ActiveCfg = Release|Any CPU
		{64B104B2-D610-4259-8DA0-24FC4324D56B}.Ad-Hoc|x86.Build.0 = Release|Any CPU
		{64B104B2-D610-4259-8DA0-24FC4324D56B}.Ad-Hoc|x86.Deploy.0 = Release|Any CPU
		{64B104B2-D610-4259-8DA0-24FC4324D56B}.AppStore|Any CPU.ActiveCfg = Release|Any CPU
		{64B104B2-D610-4259-8DA0-24FC4324D56B}.AppStore|Any CPU.Build.0 = Release|Any CPU
		{64B104B2-D610-4259-8DA0-24FC4324D56B}.AppStore|Any CPU.Deploy.0 = Release|Any CPU
		{64B104B2-D610-4259-8DA0-24FC4324D56B}.AppStore|ARM.ActiveCfg = Release|Any CPU
		{64B104B2-D610-4259-8DA0-24FC4324D56B}.AppStore|ARM.Build.0 = Release|Any CPU
		{64B104B2-D610-4259-8DA0-24FC4324D56B}.AppStore|ARM.Deploy.0 = Release|Any CPU
		{64B104B2-D610-4259-8DA0-24FC4324D56B}.AppStore|iPhone.ActiveCfg = Release|Any CPU
		{64B104B2-D610-4259-8DA0-24FC4324D56B}.AppStore|iPhone.Build.0 = Release|Any CPU
		{64B104B2-D610-4259-8DA0-24FC4324D56B}.AppStore|iPhone.Deploy.0 = Release|Any CPU
		{64B104B2-D610-4259-8DA0-24FC4324D56B}.AppStore|iPhoneSimulator.ActiveCfg = Release|Any CPU
		{64B104B2-D610-4259-8DA0-24FC4324D56B}.AppStore|iPhoneSimulator.Build.0 = Release|Any CPU
		{64B104B2-D610-4259-8DA0-24FC4324D56B}.AppStore|iPhoneSimulator.Deploy.0 = Release|Any CPU
		{64B104B2-D610-4259-8DA0-24FC4324D56B}.AppStore|x64.ActiveCfg = Release|Any CPU
		{64B104B2-D610-4259-8DA0-24FC4324D56B}.AppStore|x64.Build.0 = Release|Any CPU
		{64B104B2-D610-4259-8DA0-24FC4324D56B}.AppStore|x64.Deploy.0 = Release|Any CPU
		{64B104B2-D610-4259-8DA0-24FC4324D56B}.AppStore|x86.ActiveCfg = Release|Any CPU
		{64B104B2-D610-4259-8DA0-24FC4324D56B}.AppStore|x86.Build.0 = Release|Any CPU
		{64B104B2-D610-4259-8DA0-24FC4324D56B}.AppStore|x86.Deploy.0 = Release|Any CPU
		{64B104B2-D610-4259-8DA0-24FC4324D56B}.Debug|Any CPU.ActiveCfg = Debug|Any CPU
		{64B104B2-D610-4259-8DA0-24FC4324D56B}.Debug|Any CPU.Build.0 = Debug|Any CPU
		{64B104B2-D610-4259-8DA0-24FC4324D56B}.Debug|Any CPU.Deploy.0 = Debug|Any CPU
		{64B104B2-D610-4259-8DA0-24FC4324D56B}.Debug|ARM.ActiveCfg = Debug|Any CPU
		{64B104B2-D610-4259-8DA0-24FC4324D56B}.Debug|ARM.Build.0 = Debug|Any CPU
		{64B104B2-D610-4259-8DA0-24FC4324D56B}.Debug|ARM.Deploy.0 = Debug|Any CPU
		{64B104B2-D610-4259-8DA0-24FC4324D56B}.Debug|iPhone.ActiveCfg = Debug|Any CPU
		{64B104B2-D610-4259-8DA0-24FC4324D56B}.Debug|iPhone.Build.0 = Debug|Any CPU
		{64B104B2-D610-4259-8DA0-24FC4324D56B}.Debug|iPhone.Deploy.0 = Debug|Any CPU
		{64B104B2-D610-4259-8DA0-24FC4324D56B}.Debug|iPhoneSimulator.ActiveCfg = Debug|Any CPU
		{64B104B2-D610-4259-8DA0-24FC4324D56B}.Debug|iPhoneSimulator.Build.0 = Debug|Any CPU
		{64B104B2-D610-4259-8DA0-24FC4324D56B}.Debug|iPhoneSimulator.Deploy.0 = Debug|Any CPU
		{64B104B2-D610-4259-8DA0-24FC4324D56B}.Debug|x64.ActiveCfg = Debug|Any CPU
		{64B104B2-D610-4259-8DA0-24FC4324D56B}.Debug|x64.Build.0 = Debug|Any CPU
		{64B104B2-D610-4259-8DA0-24FC4324D56B}.Debug|x64.Deploy.0 = Debug|Any CPU
		{64B104B2-D610-4259-8DA0-24FC4324D56B}.Debug|x86.ActiveCfg = Debug|Any CPU
		{64B104B2-D610-4259-8DA0-24FC4324D56B}.Debug|x86.Build.0 = Debug|Any CPU
		{64B104B2-D610-4259-8DA0-24FC4324D56B}.Debug|x86.Deploy.0 = Debug|Any CPU
		{64B104B2-D610-4259-8DA0-24FC4324D56B}.Release|Any CPU.ActiveCfg = Release|Any CPU
		{64B104B2-D610-4259-8DA0-24FC4324D56B}.Release|Any CPU.Build.0 = Release|Any CPU
		{64B104B2-D610-4259-8DA0-24FC4324D56B}.Release|Any CPU.Deploy.0 = Release|Any CPU
		{64B104B2-D610-4259-8DA0-24FC4324D56B}.Release|ARM.ActiveCfg = Release|Any CPU
		{64B104B2-D610-4259-8DA0-24FC4324D56B}.Release|ARM.Build.0 = Release|Any CPU
		{64B104B2-D610-4259-8DA0-24FC4324D56B}.Release|ARM.Deploy.0 = Release|Any CPU
		{64B104B2-D610-4259-8DA0-24FC4324D56B}.Release|iPhone.ActiveCfg = Release|Any CPU
		{64B104B2-D610-4259-8DA0-24FC4324D56B}.Release|iPhone.Build.0 = Release|Any CPU
		{64B104B2-D610-4259-8DA0-24FC4324D56B}.Release|iPhone.Deploy.0 = Release|Any CPU
		{64B104B2-D610-4259-8DA0-24FC4324D56B}.Release|iPhoneSimulator.ActiveCfg = Release|Any CPU
		{64B104B2-D610-4259-8DA0-24FC4324D56B}.Release|iPhoneSimulator.Build.0 = Release|Any CPU
		{64B104B2-D610-4259-8DA0-24FC4324D56B}.Release|iPhoneSimulator.Deploy.0 = Release|Any CPU
		{64B104B2-D610-4259-8DA0-24FC4324D56B}.Release|x64.ActiveCfg = Release|Any CPU
		{64B104B2-D610-4259-8DA0-24FC4324D56B}.Release|x64.Build.0 = Release|Any CPU
		{64B104B2-D610-4259-8DA0-24FC4324D56B}.Release|x64.Deploy.0 = Release|Any CPU
		{64B104B2-D610-4259-8DA0-24FC4324D56B}.Release|x86.ActiveCfg = Release|Any CPU
		{64B104B2-D610-4259-8DA0-24FC4324D56B}.Release|x86.Build.0 = Release|Any CPU
		{64B104B2-D610-4259-8DA0-24FC4324D56B}.Release|x86.Deploy.0 = Release|Any CPU
		{7EC5E56C-27C8-4A05-97E8-9290ABB3D7ED}.Ad-Hoc|Any CPU.ActiveCfg = Release|Any CPU
		{7EC5E56C-27C8-4A05-97E8-9290ABB3D7ED}.Ad-Hoc|Any CPU.Build.0 = Release|Any CPU
		{7EC5E56C-27C8-4A05-97E8-9290ABB3D7ED}.Ad-Hoc|ARM.ActiveCfg = Release|Any CPU
		{7EC5E56C-27C8-4A05-97E8-9290ABB3D7ED}.Ad-Hoc|ARM.Build.0 = Release|Any CPU
		{7EC5E56C-27C8-4A05-97E8-9290ABB3D7ED}.Ad-Hoc|iPhone.ActiveCfg = Release|Any CPU
		{7EC5E56C-27C8-4A05-97E8-9290ABB3D7ED}.Ad-Hoc|iPhone.Build.0 = Release|Any CPU
		{7EC5E56C-27C8-4A05-97E8-9290ABB3D7ED}.Ad-Hoc|iPhoneSimulator.ActiveCfg = Release|Any CPU
		{7EC5E56C-27C8-4A05-97E8-9290ABB3D7ED}.Ad-Hoc|iPhoneSimulator.Build.0 = Release|Any CPU
		{7EC5E56C-27C8-4A05-97E8-9290ABB3D7ED}.Ad-Hoc|x64.ActiveCfg = Release|Any CPU
		{7EC5E56C-27C8-4A05-97E8-9290ABB3D7ED}.Ad-Hoc|x64.Build.0 = Release|Any CPU
		{7EC5E56C-27C8-4A05-97E8-9290ABB3D7ED}.Ad-Hoc|x86.ActiveCfg = Release|Any CPU
		{7EC5E56C-27C8-4A05-97E8-9290ABB3D7ED}.Ad-Hoc|x86.Build.0 = Release|Any CPU
		{7EC5E56C-27C8-4A05-97E8-9290ABB3D7ED}.AppStore|Any CPU.ActiveCfg = Release|Any CPU
		{7EC5E56C-27C8-4A05-97E8-9290ABB3D7ED}.AppStore|Any CPU.Build.0 = Release|Any CPU
		{7EC5E56C-27C8-4A05-97E8-9290ABB3D7ED}.AppStore|ARM.ActiveCfg = Release|Any CPU
		{7EC5E56C-27C8-4A05-97E8-9290ABB3D7ED}.AppStore|ARM.Build.0 = Release|Any CPU
		{7EC5E56C-27C8-4A05-97E8-9290ABB3D7ED}.AppStore|iPhone.ActiveCfg = Release|Any CPU
		{7EC5E56C-27C8-4A05-97E8-9290ABB3D7ED}.AppStore|iPhone.Build.0 = Release|Any CPU
		{7EC5E56C-27C8-4A05-97E8-9290ABB3D7ED}.AppStore|iPhoneSimulator.ActiveCfg = Release|Any CPU
		{7EC5E56C-27C8-4A05-97E8-9290ABB3D7ED}.AppStore|iPhoneSimulator.Build.0 = Release|Any CPU
		{7EC5E56C-27C8-4A05-97E8-9290ABB3D7ED}.AppStore|x64.ActiveCfg = Release|Any CPU
		{7EC5E56C-27C8-4A05-97E8-9290ABB3D7ED}.AppStore|x64.Build.0 = Release|Any CPU
		{7EC5E56C-27C8-4A05-97E8-9290ABB3D7ED}.AppStore|x86.ActiveCfg = Release|Any CPU
		{7EC5E56C-27C8-4A05-97E8-9290ABB3D7ED}.AppStore|x86.Build.0 = Release|Any CPU
		{7EC5E56C-27C8-4A05-97E8-9290ABB3D7ED}.Debug|Any CPU.ActiveCfg = Debug|Any CPU
		{7EC5E56C-27C8-4A05-97E8-9290ABB3D7ED}.Debug|Any CPU.Build.0 = Debug|Any CPU
		{7EC5E56C-27C8-4A05-97E8-9290ABB3D7ED}.Debug|ARM.ActiveCfg = Debug|Any CPU
		{7EC5E56C-27C8-4A05-97E8-9290ABB3D7ED}.Debug|ARM.Build.0 = Debug|Any CPU
		{7EC5E56C-27C8-4A05-97E8-9290ABB3D7ED}.Debug|iPhone.ActiveCfg = Debug|Any CPU
		{7EC5E56C-27C8-4A05-97E8-9290ABB3D7ED}.Debug|iPhone.Build.0 = Debug|Any CPU
		{7EC5E56C-27C8-4A05-97E8-9290ABB3D7ED}.Debug|iPhoneSimulator.ActiveCfg = Debug|Any CPU
		{7EC5E56C-27C8-4A05-97E8-9290ABB3D7ED}.Debug|iPhoneSimulator.Build.0 = Debug|Any CPU
		{7EC5E56C-27C8-4A05-97E8-9290ABB3D7ED}.Debug|x64.ActiveCfg = Debug|Any CPU
		{7EC5E56C-27C8-4A05-97E8-9290ABB3D7ED}.Debug|x64.Build.0 = Debug|Any CPU
		{7EC5E56C-27C8-4A05-97E8-9290ABB3D7ED}.Debug|x86.ActiveCfg = Debug|Any CPU
		{7EC5E56C-27C8-4A05-97E8-9290ABB3D7ED}.Debug|x86.Build.0 = Debug|Any CPU
		{7EC5E56C-27C8-4A05-97E8-9290ABB3D7ED}.Release|Any CPU.ActiveCfg = Release|Any CPU
		{7EC5E56C-27C8-4A05-97E8-9290ABB3D7ED}.Release|Any CPU.Build.0 = Release|Any CPU
		{7EC5E56C-27C8-4A05-97E8-9290ABB3D7ED}.Release|ARM.ActiveCfg = Release|Any CPU
		{7EC5E56C-27C8-4A05-97E8-9290ABB3D7ED}.Release|ARM.Build.0 = Release|Any CPU
		{7EC5E56C-27C8-4A05-97E8-9290ABB3D7ED}.Release|iPhone.ActiveCfg = Release|Any CPU
		{7EC5E56C-27C8-4A05-97E8-9290ABB3D7ED}.Release|iPhone.Build.0 = Release|Any CPU
		{7EC5E56C-27C8-4A05-97E8-9290ABB3D7ED}.Release|iPhoneSimulator.ActiveCfg = Release|Any CPU
		{7EC5E56C-27C8-4A05-97E8-9290ABB3D7ED}.Release|iPhoneSimulator.Build.0 = Release|Any CPU
		{7EC5E56C-27C8-4A05-97E8-9290ABB3D7ED}.Release|x64.ActiveCfg = Release|Any CPU
		{7EC5E56C-27C8-4A05-97E8-9290ABB3D7ED}.Release|x64.Build.0 = Release|Any CPU
		{7EC5E56C-27C8-4A05-97E8-9290ABB3D7ED}.Release|x86.ActiveCfg = Release|Any CPU
		{7EC5E56C-27C8-4A05-97E8-9290ABB3D7ED}.Release|x86.Build.0 = Release|Any CPU
		{2D21A929-7C68-4081-B4AA-1A829750F425}.Ad-Hoc|Any CPU.ActiveCfg = Release|x86
		{2D21A929-7C68-4081-B4AA-1A829750F425}.Ad-Hoc|Any CPU.Build.0 = Release|x86
		{2D21A929-7C68-4081-B4AA-1A829750F425}.Ad-Hoc|Any CPU.Deploy.0 = Release|x86
		{2D21A929-7C68-4081-B4AA-1A829750F425}.Ad-Hoc|ARM.ActiveCfg = Release|ARM
		{2D21A929-7C68-4081-B4AA-1A829750F425}.Ad-Hoc|ARM.Build.0 = Release|ARM
		{2D21A929-7C68-4081-B4AA-1A829750F425}.Ad-Hoc|ARM.Deploy.0 = Release|ARM
		{2D21A929-7C68-4081-B4AA-1A829750F425}.Ad-Hoc|iPhone.ActiveCfg = Release|x86
		{2D21A929-7C68-4081-B4AA-1A829750F425}.Ad-Hoc|iPhone.Build.0 = Release|x86
		{2D21A929-7C68-4081-B4AA-1A829750F425}.Ad-Hoc|iPhone.Deploy.0 = Release|x86
		{2D21A929-7C68-4081-B4AA-1A829750F425}.Ad-Hoc|iPhoneSimulator.ActiveCfg = Release|x86
		{2D21A929-7C68-4081-B4AA-1A829750F425}.Ad-Hoc|iPhoneSimulator.Build.0 = Release|x86
		{2D21A929-7C68-4081-B4AA-1A829750F425}.Ad-Hoc|iPhoneSimulator.Deploy.0 = Release|x86
		{2D21A929-7C68-4081-B4AA-1A829750F425}.Ad-Hoc|x64.ActiveCfg = Release|x64
		{2D21A929-7C68-4081-B4AA-1A829750F425}.Ad-Hoc|x64.Build.0 = Release|x64
		{2D21A929-7C68-4081-B4AA-1A829750F425}.Ad-Hoc|x64.Deploy.0 = Release|x64
		{2D21A929-7C68-4081-B4AA-1A829750F425}.Ad-Hoc|x86.ActiveCfg = Release|x86
		{2D21A929-7C68-4081-B4AA-1A829750F425}.Ad-Hoc|x86.Build.0 = Release|x86
		{2D21A929-7C68-4081-B4AA-1A829750F425}.Ad-Hoc|x86.Deploy.0 = Release|x86
		{2D21A929-7C68-4081-B4AA-1A829750F425}.AppStore|Any CPU.ActiveCfg = Release|x86
		{2D21A929-7C68-4081-B4AA-1A829750F425}.AppStore|Any CPU.Build.0 = Release|x86
		{2D21A929-7C68-4081-B4AA-1A829750F425}.AppStore|Any CPU.Deploy.0 = Release|x86
		{2D21A929-7C68-4081-B4AA-1A829750F425}.AppStore|ARM.ActiveCfg = Release|ARM
		{2D21A929-7C68-4081-B4AA-1A829750F425}.AppStore|ARM.Build.0 = Release|ARM
		{2D21A929-7C68-4081-B4AA-1A829750F425}.AppStore|ARM.Deploy.0 = Release|ARM
		{2D21A929-7C68-4081-B4AA-1A829750F425}.AppStore|iPhone.ActiveCfg = Release|x86
		{2D21A929-7C68-4081-B4AA-1A829750F425}.AppStore|iPhone.Build.0 = Release|x86
		{2D21A929-7C68-4081-B4AA-1A829750F425}.AppStore|iPhone.Deploy.0 = Release|x86
		{2D21A929-7C68-4081-B4AA-1A829750F425}.AppStore|iPhoneSimulator.ActiveCfg = Release|x86
		{2D21A929-7C68-4081-B4AA-1A829750F425}.AppStore|iPhoneSimulator.Build.0 = Release|x86
		{2D21A929-7C68-4081-B4AA-1A829750F425}.AppStore|iPhoneSimulator.Deploy.0 = Release|x86
		{2D21A929-7C68-4081-B4AA-1A829750F425}.AppStore|x64.ActiveCfg = Release|x64
		{2D21A929-7C68-4081-B4AA-1A829750F425}.AppStore|x64.Build.0 = Release|x64
		{2D21A929-7C68-4081-B4AA-1A829750F425}.AppStore|x64.Deploy.0 = Release|x64
		{2D21A929-7C68-4081-B4AA-1A829750F425}.AppStore|x86.ActiveCfg = Release|x86
		{2D21A929-7C68-4081-B4AA-1A829750F425}.AppStore|x86.Build.0 = Release|x86
		{2D21A929-7C68-4081-B4AA-1A829750F425}.AppStore|x86.Deploy.0 = Release|x86
		{2D21A929-7C68-4081-B4AA-1A829750F425}.Debug|Any CPU.ActiveCfg = Debug|x86
		{2D21A929-7C68-4081-B4AA-1A829750F425}.Debug|ARM.ActiveCfg = Debug|ARM
		{2D21A929-7C68-4081-B4AA-1A829750F425}.Debug|ARM.Build.0 = Debug|ARM
		{2D21A929-7C68-4081-B4AA-1A829750F425}.Debug|ARM.Deploy.0 = Debug|ARM
		{2D21A929-7C68-4081-B4AA-1A829750F425}.Debug|iPhone.ActiveCfg = Debug|x86
		{2D21A929-7C68-4081-B4AA-1A829750F425}.Debug|iPhoneSimulator.ActiveCfg = Debug|x86
		{2D21A929-7C68-4081-B4AA-1A829750F425}.Debug|x64.ActiveCfg = Debug|x64
		{2D21A929-7C68-4081-B4AA-1A829750F425}.Debug|x64.Build.0 = Debug|x64
		{2D21A929-7C68-4081-B4AA-1A829750F425}.Debug|x64.Deploy.0 = Debug|x64
		{2D21A929-7C68-4081-B4AA-1A829750F425}.Debug|x86.ActiveCfg = Debug|x86
		{2D21A929-7C68-4081-B4AA-1A829750F425}.Debug|x86.Build.0 = Debug|x86
		{2D21A929-7C68-4081-B4AA-1A829750F425}.Debug|x86.Deploy.0 = Debug|x86
		{2D21A929-7C68-4081-B4AA-1A829750F425}.Release|Any CPU.ActiveCfg = Release|x86
		{2D21A929-7C68-4081-B4AA-1A829750F425}.Release|ARM.ActiveCfg = Release|ARM
		{2D21A929-7C68-4081-B4AA-1A829750F425}.Release|ARM.Build.0 = Release|ARM
		{2D21A929-7C68-4081-B4AA-1A829750F425}.Release|ARM.Deploy.0 = Release|ARM
		{2D21A929-7C68-4081-B4AA-1A829750F425}.Release|iPhone.ActiveCfg = Release|x86
		{2D21A929-7C68-4081-B4AA-1A829750F425}.Release|iPhoneSimulator.ActiveCfg = Release|x86
		{2D21A929-7C68-4081-B4AA-1A829750F425}.Release|x64.ActiveCfg = Release|x64
		{2D21A929-7C68-4081-B4AA-1A829750F425}.Release|x64.Build.0 = Release|x64
		{2D21A929-7C68-4081-B4AA-1A829750F425}.Release|x64.Deploy.0 = Release|x64
		{2D21A929-7C68-4081-B4AA-1A829750F425}.Release|x86.ActiveCfg = Release|x86
		{2D21A929-7C68-4081-B4AA-1A829750F425}.Release|x86.Build.0 = Release|x86
		{2D21A929-7C68-4081-B4AA-1A829750F425}.Release|x86.Deploy.0 = Release|x86
		{40379647-9557-4F53-ADD9-DEBA8F58CA0B}.Ad-Hoc|Any CPU.ActiveCfg = Ad-Hoc|iPhoneSimulator
		{40379647-9557-4F53-ADD9-DEBA8F58CA0B}.Ad-Hoc|ARM.ActiveCfg = Ad-Hoc|iPhone
		{40379647-9557-4F53-ADD9-DEBA8F58CA0B}.Ad-Hoc|iPhone.ActiveCfg = Ad-Hoc|iPhone
		{40379647-9557-4F53-ADD9-DEBA8F58CA0B}.Ad-Hoc|iPhone.Build.0 = Ad-Hoc|iPhone
		{40379647-9557-4F53-ADD9-DEBA8F58CA0B}.Ad-Hoc|iPhoneSimulator.ActiveCfg = Ad-Hoc|iPhoneSimulator
		{40379647-9557-4F53-ADD9-DEBA8F58CA0B}.Ad-Hoc|iPhoneSimulator.Build.0 = Ad-Hoc|iPhoneSimulator
		{40379647-9557-4F53-ADD9-DEBA8F58CA0B}.Ad-Hoc|x64.ActiveCfg = Ad-Hoc|iPhone
		{40379647-9557-4F53-ADD9-DEBA8F58CA0B}.Ad-Hoc|x86.ActiveCfg = Ad-Hoc|iPhone
		{40379647-9557-4F53-ADD9-DEBA8F58CA0B}.AppStore|Any CPU.ActiveCfg = AppStore|iPhoneSimulator
		{40379647-9557-4F53-ADD9-DEBA8F58CA0B}.AppStore|ARM.ActiveCfg = AppStore|iPhone
		{40379647-9557-4F53-ADD9-DEBA8F58CA0B}.AppStore|iPhone.ActiveCfg = AppStore|iPhone
		{40379647-9557-4F53-ADD9-DEBA8F58CA0B}.AppStore|iPhone.Build.0 = AppStore|iPhone
		{40379647-9557-4F53-ADD9-DEBA8F58CA0B}.AppStore|iPhoneSimulator.ActiveCfg = AppStore|iPhoneSimulator
		{40379647-9557-4F53-ADD9-DEBA8F58CA0B}.AppStore|iPhoneSimulator.Build.0 = AppStore|iPhoneSimulator
		{40379647-9557-4F53-ADD9-DEBA8F58CA0B}.AppStore|x64.ActiveCfg = AppStore|iPhone
		{40379647-9557-4F53-ADD9-DEBA8F58CA0B}.AppStore|x86.ActiveCfg = AppStore|iPhone
		{40379647-9557-4F53-ADD9-DEBA8F58CA0B}.Debug|Any CPU.ActiveCfg = Debug|iPhoneSimulator
		{40379647-9557-4F53-ADD9-DEBA8F58CA0B}.Debug|ARM.ActiveCfg = Debug|iPhone
		{40379647-9557-4F53-ADD9-DEBA8F58CA0B}.Debug|iPhone.ActiveCfg = Debug|iPhone
		{40379647-9557-4F53-ADD9-DEBA8F58CA0B}.Debug|iPhone.Build.0 = Debug|iPhone
		{40379647-9557-4F53-ADD9-DEBA8F58CA0B}.Debug|iPhoneSimulator.ActiveCfg = Debug|iPhoneSimulator
		{40379647-9557-4F53-ADD9-DEBA8F58CA0B}.Debug|iPhoneSimulator.Build.0 = Debug|iPhoneSimulator
		{40379647-9557-4F53-ADD9-DEBA8F58CA0B}.Debug|x64.ActiveCfg = Debug|iPhone
		{40379647-9557-4F53-ADD9-DEBA8F58CA0B}.Debug|x86.ActiveCfg = Debug|iPhone
		{40379647-9557-4F53-ADD9-DEBA8F58CA0B}.Release|Any CPU.ActiveCfg = Release|iPhoneSimulator
		{40379647-9557-4F53-ADD9-DEBA8F58CA0B}.Release|ARM.ActiveCfg = Release|iPhone
		{40379647-9557-4F53-ADD9-DEBA8F58CA0B}.Release|iPhone.ActiveCfg = Release|iPhone
		{40379647-9557-4F53-ADD9-DEBA8F58CA0B}.Release|iPhone.Build.0 = Release|iPhone
		{40379647-9557-4F53-ADD9-DEBA8F58CA0B}.Release|iPhoneSimulator.ActiveCfg = Release|iPhoneSimulator
		{40379647-9557-4F53-ADD9-DEBA8F58CA0B}.Release|iPhoneSimulator.Build.0 = Release|iPhoneSimulator
		{40379647-9557-4F53-ADD9-DEBA8F58CA0B}.Release|x64.ActiveCfg = Release|iPhone
		{40379647-9557-4F53-ADD9-DEBA8F58CA0B}.Release|x86.ActiveCfg = Release|iPhone
	EndGlobalSection
	GlobalSection(SolutionProperties) = preSolution
		HideSolutionNode = FALSE
	EndGlobalSection
	GlobalSection(ExtensibilityGlobals) = postSolution
		SolutionGuid = {577334CB-3515-4B6B-9CE9-7C49889B1F10}
	EndGlobalSection
EndGlobal
